// !$*UTF8*$!
{
	archiveVersion = 1;
	classes = {
	};
	objectVersion = 50;
	objects = {

/* Begin PBXBuildFile section */
		4A0F98AA20F63B8E00DC6029 /* DetailCollectionViewCell.swift in Sources */ = {isa = PBXBuildFile; fileRef = 4A0F98A920F63B8E00DC6029 /* DetailCollectionViewCell.swift */; };
		4AC80F3E20E8A256004752B2 /* AppDelegate.swift in Sources */ = {isa = PBXBuildFile; fileRef = 4AC80F3D20E8A256004752B2 /* AppDelegate.swift */; };
		4AC80F4020E8A256004752B2 /* ViewController.swift in Sources */ = {isa = PBXBuildFile; fileRef = 4AC80F3F20E8A256004752B2 /* ViewController.swift */; };
		4AC80F4320E8A256004752B2 /* Main.storyboard in Resources */ = {isa = PBXBuildFile; fileRef = 4AC80F4120E8A256004752B2 /* Main.storyboard */; };
		4AC80F4520E8A258004752B2 /* Assets.xcassets in Resources */ = {isa = PBXBuildFile; fileRef = 4AC80F4420E8A258004752B2 /* Assets.xcassets */; };
		4AC80F4820E8A258004752B2 /* LaunchScreen.storyboard in Resources */ = {isa = PBXBuildFile; fileRef = 4AC80F4620E8A258004752B2 /* LaunchScreen.storyboard */; };
		4AC80F5020E8A682004752B2 /* ProductCollectionViewCell.swift in Sources */ = {isa = PBXBuildFile; fileRef = 4AC80F4F20E8A682004752B2 /* ProductCollectionViewCell.swift */; };
		4AC80F5220E8A6E6004752B2 /* ProductCollectionViewController.swift in Sources */ = {isa = PBXBuildFile; fileRef = 4AC80F5120E8A6E6004752B2 /* ProductCollectionViewController.swift */; };
		4AC80F5420E8A99B004752B2 /* Product.swift in Sources */ = {isa = PBXBuildFile; fileRef = 4AC80F5320E8A99B004752B2 /* Product.swift */; };
		4AEADB0720EA11E5004C8BDC /* ReviewCollectionViewController.swift in Sources */ = {isa = PBXBuildFile; fileRef = 4AEADB0620EA11E5004C8BDC /* ReviewCollectionViewController.swift */; };
		4AEADB0920EA1219004C8BDC /* ReviewCollectionViewCell.swift in Sources */ = {isa = PBXBuildFile; fileRef = 4AEADB0820EA1219004C8BDC /* ReviewCollectionViewCell.swift */; };
		4AEADB0B20EA15E9004C8BDC /* AddReviewViewController.swift in Sources */ = {isa = PBXBuildFile; fileRef = 4AEADB0A20EA15E9004C8BDC /* AddReviewViewController.swift */; };
		4AEFE81C20EC6DBD00B4F409 /* DetailProductsViewController.swift in Sources */ = {isa = PBXBuildFile; fileRef = 4AEFE81B20EC6DBD00B4F409 /* DetailProductsViewController.swift */; };
		4AFAE1E620EF1537001A5DEB /* RatingControl.swift in Sources */ = {isa = PBXBuildFile; fileRef = 4AFAE1E520EF1537001A5DEB /* RatingControl.swift */; };
		4AFAE1E920EF7370001A5DEB /* SukhumvitSet.ttc in Resources */ = {isa = PBXBuildFile; fileRef = 4AFAE1E820EF736F001A5DEB /* SukhumvitSet.ttc */; };
		4AFAE1EB20EF86BA001A5DEB /* Gotham Bold Regular.ttf in Resources */ = {isa = PBXBuildFile; fileRef = 4AFAE1EA20EF86B9001A5DEB /* Gotham Bold Regular.ttf */; };
		FE9B684627F6F1FFD94527E6 /* Pods_ReviewProdductsApp.framework in Frameworks */ = {isa = PBXBuildFile; fileRef = 943224A21923DC9DDE1CCCE5 /* Pods_ReviewProdductsApp.framework */; };
/* End PBXBuildFile section */

/* Begin PBXFileReference section */
		4A0F98A920F63B8E00DC6029 /* DetailCollectionViewCell.swift */ = {isa = PBXFileReference; lastKnownFileType = sourcecode.swift; path = DetailCollectionViewCell.swift; sourceTree = "<group>"; };
		4AC80F3A20E8A256004752B2 /* ReviewProdductsApp.app */ = {isa = PBXFileReference; explicitFileType = wrapper.application; includeInIndex = 0; path = ReviewProdductsApp.app; sourceTree = BUILT_PRODUCTS_DIR; };
		4AC80F3D20E8A256004752B2 /* AppDelegate.swift */ = {isa = PBXFileReference; lastKnownFileType = sourcecode.swift; path = AppDelegate.swift; sourceTree = "<group>"; };
		4AC80F3F20E8A256004752B2 /* ViewController.swift */ = {isa = PBXFileReference; lastKnownFileType = sourcecode.swift; path = ViewController.swift; sourceTree = "<group>"; };
		4AC80F4220E8A256004752B2 /* Base */ = {isa = PBXFileReference; lastKnownFileType = file.storyboard; name = Base; path = Base.lproj/Main.storyboard; sourceTree = "<group>"; };
		4AC80F4420E8A258004752B2 /* Assets.xcassets */ = {isa = PBXFileReference; lastKnownFileType = folder.assetcatalog; path = Assets.xcassets; sourceTree = "<group>"; };
		4AC80F4720E8A258004752B2 /* Base */ = {isa = PBXFileReference; lastKnownFileType = file.storyboard; name = Base; path = Base.lproj/LaunchScreen.storyboard; sourceTree = "<group>"; };
		4AC80F4920E8A258004752B2 /* Info.plist */ = {isa = PBXFileReference; lastKnownFileType = text.plist.xml; path = Info.plist; sourceTree = "<group>"; };
		4AC80F4F20E8A682004752B2 /* ProductCollectionViewCell.swift */ = {isa = PBXFileReference; lastKnownFileType = sourcecode.swift; path = ProductCollectionViewCell.swift; sourceTree = "<group>"; };
		4AC80F5120E8A6E6004752B2 /* ProductCollectionViewController.swift */ = {isa = PBXFileReference; lastKnownFileType = sourcecode.swift; path = ProductCollectionViewController.swift; sourceTree = "<group>"; };
		4AC80F5320E8A99B004752B2 /* Product.swift */ = {isa = PBXFileReference; lastKnownFileType = sourcecode.swift; path = Product.swift; sourceTree = "<group>"; };
		4AEADB0620EA11E5004C8BDC /* ReviewCollectionViewController.swift */ = {isa = PBXFileReference; lastKnownFileType = sourcecode.swift; path = ReviewCollectionViewController.swift; sourceTree = "<group>"; };
		4AEADB0820EA1219004C8BDC /* ReviewCollectionViewCell.swift */ = {isa = PBXFileReference; lastKnownFileType = sourcecode.swift; path = ReviewCollectionViewCell.swift; sourceTree = "<group>"; };
		4AEADB0A20EA15E9004C8BDC /* AddReviewViewController.swift */ = {isa = PBXFileReference; lastKnownFileType = sourcecode.swift; path = AddReviewViewController.swift; sourceTree = "<group>"; };
		4AEFE81B20EC6DBD00B4F409 /* DetailProductsViewController.swift */ = {isa = PBXFileReference; lastKnownFileType = sourcecode.swift; path = DetailProductsViewController.swift; sourceTree = "<group>"; };
		4AFAE1E520EF1537001A5DEB /* RatingControl.swift */ = {isa = PBXFileReference; lastKnownFileType = sourcecode.swift; path = RatingControl.swift; sourceTree = "<group>"; };
		4AFAE1E820EF736F001A5DEB /* SukhumvitSet.ttc */ = {isa = PBXFileReference; lastKnownFileType = file; path = SukhumvitSet.ttc; sourceTree = "<group>"; };
		4AFAE1EA20EF86B9001A5DEB /* Gotham Bold Regular.ttf */ = {isa = PBXFileReference; lastKnownFileType = file; path = "Gotham Bold Regular.ttf"; sourceTree = "<group>"; };
		516D095C21CE2634AB805E25 /* Pods-ReviewProdductsApp.debug.xcconfig */ = {isa = PBXFileReference; includeInIndex = 1; lastKnownFileType = text.xcconfig; name = "Pods-ReviewProdductsApp.debug.xcconfig"; path = "Pods/Target Support Files/Pods-ReviewProdductsApp/Pods-ReviewProdductsApp.debug.xcconfig"; sourceTree = "<group>"; };
		6BCF934039B3FCB76A35C086 /* Pods-ReviewProdductsApp.release.xcconfig */ = {isa = PBXFileReference; includeInIndex = 1; lastKnownFileType = text.xcconfig; name = "Pods-ReviewProdductsApp.release.xcconfig"; path = "Pods/Target Support Files/Pods-ReviewProdductsApp/Pods-ReviewProdductsApp.release.xcconfig"; sourceTree = "<group>"; };
		943224A21923DC9DDE1CCCE5 /* Pods_ReviewProdductsApp.framework */ = {isa = PBXFileReference; explicitFileType = wrapper.framework; includeInIndex = 0; path = Pods_ReviewProdductsApp.framework; sourceTree = BUILT_PRODUCTS_DIR; };
/* End PBXFileReference section */

/* Begin PBXFrameworksBuildPhase section */
		4AC80F3720E8A256004752B2 /* Frameworks */ = {
			isa = PBXFrameworksBuildPhase;
			buildActionMask = 2147483647;
			files = (
				FE9B684627F6F1FFD94527E6 /* Pods_ReviewProdductsApp.framework in Frameworks */,
			);
			runOnlyForDeploymentPostprocessing = 0;
		};
/* End PBXFrameworksBuildPhase section */

/* Begin PBXGroup section */
		4AC80F3120E8A256004752B2 = {
			isa = PBXGroup;
			children = (
				4AC80F3C20E8A256004752B2 /* ReviewProdductsApp */,
				4AC80F3B20E8A256004752B2 /* Products */,
				DF7C8F0AF3D7BC1D9A75F7DC /* Pods */,
				A0DA723885AB9F015C61D61C /* Frameworks */,
			);
			sourceTree = "<group>";
		};
		4AC80F3B20E8A256004752B2 /* Products */ = {
			isa = PBXGroup;
			children = (
				4AC80F3A20E8A256004752B2 /* ReviewProdductsApp.app */,
			);
			name = Products;
			sourceTree = "<group>";
		};
		4AC80F3C20E8A256004752B2 /* ReviewProdductsApp */ = {
			isa = PBXGroup;
			children = (
				4AFAE1E820EF736F001A5DEB /* SukhumvitSet.ttc */,
				4AFAE1EA20EF86B9001A5DEB /* Gotham Bold Regular.ttf */,
				4AC80F3D20E8A256004752B2 /* AppDelegate.swift */,
				4AC80F3F20E8A256004752B2 /* ViewController.swift */,
				4AC80F4120E8A256004752B2 /* Main.storyboard */,
				4AC80F4420E8A258004752B2 /* Assets.xcassets */,
				4AC80F4620E8A258004752B2 /* LaunchScreen.storyboard */,
				4AC80F4920E8A258004752B2 /* Info.plist */,
				4AC80F4F20E8A682004752B2 /* ProductCollectionViewCell.swift */,
				4AC80F5320E8A99B004752B2 /* Product.swift */,
				4AC80F5120E8A6E6004752B2 /* ProductCollectionViewController.swift */,
				4AEADB0620EA11E5004C8BDC /* ReviewCollectionViewController.swift */,
				4AEADB0820EA1219004C8BDC /* ReviewCollectionViewCell.swift */,
				4AEADB0A20EA15E9004C8BDC /* AddReviewViewController.swift */,
				4AEFE81B20EC6DBD00B4F409 /* DetailProductsViewController.swift */,
				4AFAE1E520EF1537001A5DEB /* RatingControl.swift */,
				4A0F98A920F63B8E00DC6029 /* DetailCollectionViewCell.swift */,
			);
			path = ReviewProdductsApp;
			sourceTree = "<group>";
		};
		A0DA723885AB9F015C61D61C /* Frameworks */ = {
			isa = PBXGroup;
			children = (
				943224A21923DC9DDE1CCCE5 /* Pods_ReviewProdductsApp.framework */,
			);
			name = Frameworks;
			sourceTree = "<group>";
		};
		DF7C8F0AF3D7BC1D9A75F7DC /* Pods */ = {
			isa = PBXGroup;
			children = (
				516D095C21CE2634AB805E25 /* Pods-ReviewProdductsApp.debug.xcconfig */,
				6BCF934039B3FCB76A35C086 /* Pods-ReviewProdductsApp.release.xcconfig */,
			);
			name = Pods;
			sourceTree = "<group>";
		};
/* End PBXGroup section */

/* Begin PBXNativeTarget section */
		4AC80F3920E8A256004752B2 /* ReviewProdductsApp */ = {
			isa = PBXNativeTarget;
			buildConfigurationList = 4AC80F4C20E8A258004752B2 /* Build configuration list for PBXNativeTarget "ReviewProdductsApp" */;
			buildPhases = (
				9306DBFCFE10FBA8B938F524 /* [CP] Check Pods Manifest.lock */,
				4AC80F3620E8A256004752B2 /* Sources */,
				4AC80F3720E8A256004752B2 /* Frameworks */,
				4AC80F3820E8A256004752B2 /* Resources */,
				786D0A1631930A4A6D18C767 /* [CP] Embed Pods Frameworks */,
			);
			buildRules = (
			);
			dependencies = (
			);
			name = ReviewProdductsApp;
			productName = ReviewProdductsApp;
			productReference = 4AC80F3A20E8A256004752B2 /* ReviewProdductsApp.app */;
			productType = "com.apple.product-type.application";
		};
/* End PBXNativeTarget section */

/* Begin PBXProject section */
		4AC80F3220E8A256004752B2 /* Project object */ = {
			isa = PBXProject;
			attributes = {
				LastSwiftUpdateCheck = 0940;
				LastUpgradeCheck = 0940;
				ORGANIZATIONNAME = ReviewProducts;
				TargetAttributes = {
					4AC80F3920E8A256004752B2 = {
						CreatedOnToolsVersion = 9.4.1;
					};
				};
			};
			buildConfigurationList = 4AC80F3520E8A256004752B2 /* Build configuration list for PBXProject "ReviewProdductsApp" */;
			compatibilityVersion = "Xcode 9.3";
			developmentRegion = en;
			hasScannedForEncodings = 0;
			knownRegions = (
				en,
				Base,
			);
			mainGroup = 4AC80F3120E8A256004752B2;
			productRefGroup = 4AC80F3B20E8A256004752B2 /* Products */;
			projectDirPath = "";
			projectRoot = "";
			targets = (
				4AC80F3920E8A256004752B2 /* ReviewProdductsApp */,
			);
		};
/* End PBXProject section */

/* Begin PBXResourcesBuildPhase section */
		4AC80F3820E8A256004752B2 /* Resources */ = {
			isa = PBXResourcesBuildPhase;
			buildActionMask = 2147483647;
			files = (
				4AC80F4820E8A258004752B2 /* LaunchScreen.storyboard in Resources */,
				4AFAE1EB20EF86BA001A5DEB /* Gotham Bold Regular.ttf in Resources */,
				4AFAE1E920EF7370001A5DEB /* SukhumvitSet.ttc in Resources */,
				4AC80F4520E8A258004752B2 /* Assets.xcassets in Resources */,
				4AC80F4320E8A256004752B2 /* Main.storyboard in Resources */,
			);
			runOnlyForDeploymentPostprocessing = 0;
		};
/* End PBXResourcesBuildPhase section */

/* Begin PBXShellScriptBuildPhase section */
		786D0A1631930A4A6D18C767 /* [CP] Embed Pods Frameworks */ = {
			isa = PBXShellScriptBuildPhase;
			buildActionMask = 2147483647;
			files = (
			);
			inputPaths = (
				"${SRCROOT}/Pods/Target Support Files/Pods-ReviewProdductsApp/Pods-ReviewProdductsApp-frameworks.sh",
				"${BUILT_PRODUCTS_DIR}/JVFloatLabeledTextField/JVFloatLabeledTextField.framework",
			);
			name = "[CP] Embed Pods Frameworks";
			outputPaths = (
				"${TARGET_BUILD_DIR}/${FRAMEWORKS_FOLDER_PATH}/JVFloatLabeledTextField.framework",
			);
			runOnlyForDeploymentPostprocessing = 0;
			shellPath = /bin/sh;
			shellScript = "\"${SRCROOT}/Pods/Target Support Files/Pods-ReviewProdductsApp/Pods-ReviewProdductsApp-frameworks.sh\"\n";
			showEnvVarsInLog = 0;
		};
		9306DBFCFE10FBA8B938F524 /* [CP] Check Pods Manifest.lock */ = {
			isa = PBXShellScriptBuildPhase;
			buildActionMask = 2147483647;
			files = (
			);
			inputPaths = (
				"${PODS_PODFILE_DIR_PATH}/Podfile.lock",
				"${PODS_ROOT}/Manifest.lock",
			);
			name = "[CP] Check Pods Manifest.lock";
			outputPaths = (
				"$(DERIVED_FILE_DIR)/Pods-ReviewProdductsApp-checkManifestLockResult.txt",
			);
			runOnlyForDeploymentPostprocessing = 0;
			shellPath = /bin/sh;
			shellScript = "diff \"${PODS_PODFILE_DIR_PATH}/Podfile.lock\" \"${PODS_ROOT}/Manifest.lock\" > /dev/null\nif [ $? != 0 ] ; then\n    # print error to STDERR\n    echo \"error: The sandbox is not in sync with the Podfile.lock. Run 'pod install' or update your CocoaPods installation.\" >&2\n    exit 1\nfi\n# This output is used by Xcode 'outputs' to avoid re-running this script phase.\necho \"SUCCESS\" > \"${SCRIPT_OUTPUT_FILE_0}\"\n";
			showEnvVarsInLog = 0;
		};
/* End PBXShellScriptBuildPhase section */

/* Begin PBXSourcesBuildPhase section */
		4AC80F3620E8A256004752B2 /* Sources */ = {
			isa = PBXSourcesBuildPhase;
			buildActionMask = 2147483647;
			files = (
				4A0F98AA20F63B8E00DC6029 /* DetailCollectionViewCell.swift in Sources */,
				4AC80F5220E8A6E6004752B2 /* ProductCollectionViewController.swift in Sources */,
				4AFAE1E620EF1537001A5DEB /* RatingControl.swift in Sources */,
				4AEADB0B20EA15E9004C8BDC /* AddReviewViewController.swift in Sources */,
				4AC80F4020E8A256004752B2 /* ViewController.swift in Sources */,
				4AEADB0720EA11E5004C8BDC /* ReviewCollectionViewController.swift in Sources */,
				4AEFE81C20EC6DBD00B4F409 /* DetailProductsViewController.swift in Sources */,
				4AC80F5420E8A99B004752B2 /* Product.swift in Sources */,
				4AC80F5020E8A682004752B2 /* ProductCollectionViewCell.swift in Sources */,
				4AC80F3E20E8A256004752B2 /* AppDelegate.swift in Sources */,
				4AEADB0920EA1219004C8BDC /* ReviewCollectionViewCell.swift in Sources */,
			);
			runOnlyForDeploymentPostprocessing = 0;
		};
/* End PBXSourcesBuildPhase section */

/* Begin PBXVariantGroup section */
		4AC80F4120E8A256004752B2 /* Main.storyboard */ = {
			isa = PBXVariantGroup;
			children = (
				4AC80F4220E8A256004752B2 /* Base */,
			);
			name = Main.storyboard;
			sourceTree = "<group>";
		};
		4AC80F4620E8A258004752B2 /* LaunchScreen.storyboard */ = {
			isa = PBXVariantGroup;
			children = (
				4AC80F4720E8A258004752B2 /* Base */,
			);
			name = LaunchScreen.storyboard;
			sourceTree = "<group>";
		};
/* End PBXVariantGroup section */

/* Begin XCBuildConfiguration section */
		4AC80F4A20E8A258004752B2 /* Debug */ = {
			isa = XCBuildConfiguration;
			buildSettings = {
				ALWAYS_SEARCH_USER_PATHS = NO;
				CLANG_ANALYZER_NONNULL = YES;
				CLANG_ANALYZER_NUMBER_OBJECT_CONVERSION = YES_AGGRESSIVE;
				CLANG_CXX_LANGUAGE_STANDARD = "gnu++14";
				CLANG_CXX_LIBRARY = "libc++";
				CLANG_ENABLE_MODULES = YES;
				CLANG_ENABLE_OBJC_ARC = YES;
				CLANG_ENABLE_OBJC_WEAK = YES;
				CLANG_WARN_BLOCK_CAPTURE_AUTORELEASING = YES;
				CLANG_WARN_BOOL_CONVERSION = YES;
				CLANG_WARN_COMMA = YES;
				CLANG_WARN_CONSTANT_CONVERSION = YES;
				CLANG_WARN_DEPRECATED_OBJC_IMPLEMENTATIONS = YES;
				CLANG_WARN_DIRECT_OBJC_ISA_USAGE = YES_ERROR;
				CLANG_WARN_DOCUMENTATION_COMMENTS = YES;
				CLANG_WARN_EMPTY_BODY = YES;
				CLANG_WARN_ENUM_CONVERSION = YES;
				CLANG_WARN_INFINITE_RECURSION = YES;
				CLANG_WARN_INT_CONVERSION = YES;
				CLANG_WARN_NON_LITERAL_NULL_CONVERSION = YES;
				CLANG_WARN_OBJC_IMPLICIT_RETAIN_SELF = YES;
				CLANG_WARN_OBJC_LITERAL_CONVERSION = YES;
				CLANG_WARN_OBJC_ROOT_CLASS = YES_ERROR;
				CLANG_WARN_RANGE_LOOP_ANALYSIS = YES;
				CLANG_WARN_STRICT_PROTOTYPES = YES;
				CLANG_WARN_SUSPICIOUS_MOVE = YES;
				CLANG_WARN_UNGUARDED_AVAILABILITY = YES_AGGRESSIVE;
				CLANG_WARN_UNREACHABLE_CODE = YES;
				CLANG_WARN__DUPLICATE_METHOD_MATCH = YES;
				CODE_SIGN_IDENTITY = "iPhone Developer";
				COPY_PHASE_STRIP = NO;
				DEBUG_INFORMATION_FORMAT = dwarf;
				ENABLE_STRICT_OBJC_MSGSEND = YES;
				ENABLE_TESTABILITY = YES;
				GCC_C_LANGUAGE_STANDARD = gnu11;
				GCC_DYNAMIC_NO_PIC = NO;
				GCC_NO_COMMON_BLOCKS = YES;
				GCC_OPTIMIZATION_LEVEL = 0;
				GCC_PREPROCESSOR_DEFINITIONS = (
					"DEBUG=1",
					"$(inherited)",
				);
				GCC_WARN_64_TO_32_BIT_CONVERSION = YES;
				GCC_WARN_ABOUT_RETURN_TYPE = YES_ERROR;
				GCC_WARN_UNDECLARED_SELECTOR = YES;
				GCC_WARN_UNINITIALIZED_AUTOS = YES_AGGRESSIVE;
				GCC_WARN_UNUSED_FUNCTION = YES;
				GCC_WARN_UNUSED_VARIABLE = YES;
				IPHONEOS_DEPLOYMENT_TARGET = 11.4;
				MTL_ENABLE_DEBUG_INFO = YES;
				ONLY_ACTIVE_ARCH = YES;
				SDKROOT = iphoneos;
				SWIFT_ACTIVE_COMPILATION_CONDITIONS = DEBUG;
				SWIFT_OPTIMIZATION_LEVEL = "-Onone";
			};
			name = Debug;
		};
		4AC80F4B20E8A258004752B2 /* Release */ = {
			isa = XCBuildConfiguration;
			buildSettings = {
				ALWAYS_SEARCH_USER_PATHS = NO;
				CLANG_ANALYZER_NONNULL = YES;
				CLANG_ANALYZER_NUMBER_OBJECT_CONVERSION = YES_AGGRESSIVE;
				CLANG_CXX_LANGUAGE_STANDARD = "gnu++14";
				CLANG_CXX_LIBRARY = "libc++";
				CLANG_ENABLE_MODULES = YES;
				CLANG_ENABLE_OBJC_ARC = YES;
				CLANG_ENABLE_OBJC_WEAK = YES;
				CLANG_WARN_BLOCK_CAPTURE_AUTORELEASING = YES;
				CLANG_WARN_BOOL_CONVERSION = YES;
				CLANG_WARN_COMMA = YES;
				CLANG_WARN_CONSTANT_CONVERSION = YES;
				CLANG_WARN_DEPRECATED_OBJC_IMPLEMENTATIONS = YES;
				CLANG_WARN_DIRECT_OBJC_ISA_USAGE = YES_ERROR;
				CLANG_WARN_DOCUMENTATION_COMMENTS = YES;
				CLANG_WARN_EMPTY_BODY = YES;
				CLANG_WARN_ENUM_CONVERSION = YES;
				CLANG_WARN_INFINITE_RECURSION = YES;
				CLANG_WARN_INT_CONVERSION = YES;
				CLANG_WARN_NON_LITERAL_NULL_CONVERSION = YES;
				CLANG_WARN_OBJC_IMPLICIT_RETAIN_SELF = YES;
				CLANG_WARN_OBJC_LITERAL_CONVERSION = YES;
				CLANG_WARN_OBJC_ROOT_CLASS = YES_ERROR;
				CLANG_WARN_RANGE_LOOP_ANALYSIS = YES;
				CLANG_WARN_STRICT_PROTOTYPES = YES;
				CLANG_WARN_SUSPICIOUS_MOVE = YES;
				CLANG_WARN_UNGUARDED_AVAILABILITY = YES_AGGRESSIVE;
				CLANG_WARN_UNREACHABLE_CODE = YES;
				CLANG_WARN__DUPLICATE_METHOD_MATCH = YES;
				CODE_SIGN_IDENTITY = "iPhone Developer";
				COPY_PHASE_STRIP = NO;
				DEBUG_INFORMATION_FORMAT = "dwarf-with-dsym";
				ENABLE_NS_ASSERTIONS = NO;
				ENABLE_STRICT_OBJC_MSGSEND = YES;
				GCC_C_LANGUAGE_STANDARD = gnu11;
				GCC_NO_COMMON_BLOCKS = YES;
				GCC_WARN_64_TO_32_BIT_CONVERSION = YES;
				GCC_WARN_ABOUT_RETURN_TYPE = YES_ERROR;
				GCC_WARN_UNDECLARED_SELECTOR = YES;
				GCC_WARN_UNINITIALIZED_AUTOS = YES_AGGRESSIVE;
				GCC_WARN_UNUSED_FUNCTION = YES;
				GCC_WARN_UNUSED_VARIABLE = YES;
				IPHONEOS_DEPLOYMENT_TARGET = 11.4;
				MTL_ENABLE_DEBUG_INFO = NO;
				SDKROOT = iphoneos;
				SWIFT_COMPILATION_MODE = wholemodule;
				SWIFT_OPTIMIZATION_LEVEL = "-O";
				VALIDATE_PRODUCT = YES;
			};
			name = Release;
		};
		4AC80F4D20E8A258004752B2 /* Debug */ = {
			isa = XCBuildConfiguration;
			baseConfigurationReference = 516D095C21CE2634AB805E25 /* Pods-ReviewProdductsApp.debug.xcconfig */;
			buildSettings = {
				ASSETCATALOG_COMPILER_APPICON_NAME = AppIcon;
				CODE_SIGN_STYLE = Automatic;
				INFOPLIST_FILE = ReviewProdductsApp/Info.plist;
				LD_RUNPATH_SEARCH_PATHS = (
					"$(inherited)",
					"@executable_path/Frameworks",
				);
				PRODUCT_BUNDLE_IDENTIFIER = udom2538.ReviewProdductsApp;
				PRODUCT_NAME = "$(TARGET_NAME)";
				SWIFT_VERSION = 4.0;
				TARGETED_DEVICE_FAMILY = "1,2";
			};
			name = Debug;
		};
		4AC80F4E20E8A258004752B2 /* Release */ = {
			isa = XCBuildConfiguration;
			baseConfigurationReference = 6BCF934039B3FCB76A35C086 /* Pods-ReviewProdductsApp.release.xcconfig */;
			buildSettings = {
				ASSETCATALOG_COMPILER_APPICON_NAME = AppIcon;
				CODE_SIGN_STYLE = Automatic;
				INFOPLIST_FILE = ReviewProdductsApp/Info.plist;
				LD_RUNPATH_SEARCH_PATHS = (
					"$(inherited)",
					"@executable_path/Frameworks",
				);
				PRODUCT_BUNDLE_IDENTIFIER = udom2538.ReviewProdductsApp;
				PRODUCT_NAME = "$(TARGET_NAME)";
				SWIFT_VERSION = 4.0;
				TARGETED_DEVICE_FAMILY = "1,2";
			};
			name = Release;
		};
/* End XCBuildConfiguration section */

/* Begin XCConfigurationList section */
		4AC80F3520E8A256004752B2 /* Build configuration list for PBXProject "ReviewProdductsApp" */ = {
			isa = XCConfigurationList;
			buildConfigurations = (
				4AC80F4A20E8A258004752B2 /* Debug */,
				4AC80F4B20E8A258004752B2 /* Release */,
			);
			defaultConfigurationIsVisible = 0;
			defaultConfigurationName = Release;
		};
		4AC80F4C20E8A258004752B2 /* Build configuration list for PBXNativeTarget "ReviewProdductsApp" */ = {
			isa = XCConfigurationList;
			buildConfigurations = (
				4AC80F4D20E8A258004752B2 /* Debug */,
				4AC80F4E20E8A258004752B2 /* Release */,
			);
			defaultConfigurationIsVisible = 0;
			defaultConfigurationName = Release;
		};
/* End XCConfigurationList section */
	};
	rootObject = 4AC80F3220E8A256004752B2 /* Project object */;
}
